{
  "name": "saas",
  "lockfileVersion": 3,
  "requires": true,
  "packages": {
    "": {
      "dependencies": {
        "tw-animate-css": "^1.3.5"
      }
    },
    "node_modules/tw-animate-css": {
      "version": "1.3.5",
      "resolved": "https://registry.npmjs.org/tw-animate-css/-/tw-animate-css-1.3.5.tgz",
      "integrity": "sha512-t3u+0YNoloIhj1mMXs779P6MO9q3p3mvGn4k1n3nJPqJw/glZcuijG2qTSN4z4mgNRfW5ZC3aXJFLwDtiipZXA==",
      "license": "MIT",
      "funding": {
        "url": "https://github.com/sponsors/Wombosvideo"
      }
    }
  }
}
